
Microsoft Visual Studio Solution File, Format Version 12.00
# Visual Studio Version 17
VisualStudioVersion = 17.2.32526.322
MinimumVisualStudioVersion = 10.0.40219.1
Project("{FAE04EC0-301F-11D3-BF4B-00C04F79EFBC}") = "Hacking with Hax", "Hacking with Hax.csproj", "{9FDBABC8-9373-4E74-A6C1-F3A12E2A2747}"
EndProject
Project("{FAE04EC0-301F-11D3-BF4B-00C04F79EFBC}") = "Regular Expressions", "Regular Expressions\Regular Expressions.csproj", "{DE8A9853-A967-45B5-946C-E27614578225}"
EndProject
Global
	GlobalSection(SolutionConfigurationPlatforms) = preSolution
		Debug|Any CPU = Debug|Any CPU
		Release|Any CPU = Release|Any CPU
	EndGlobalSection
	GlobalSection(ProjectConfigurationPlatforms) = postSolution
		{9FDBABC8-9373-4E74-A6C1-F3A12E2A2747}.Debug|Any CPU.ActiveCfg = Debug|Any CPU
		{9FDBABC8-9373-4E74-A6C1-F3A12E2A2747}.Debug|Any CPU.Build.0 = Debug|Any CPU
		{9FDBABC8-9373-4E74-A6C1-F3A12E2A2747}.Release|Any CPU.ActiveCfg = Release|Any CPU
		{9FDBABC8-9373-4E74-A6C1-F3A12E2A2747}.Release|Any CPU.Build.0 = Release|Any CPU
		{DE8A9853-A967-45B5-946C-E27614578225}.Debug|Any CPU.ActiveCfg = Debug|Any CPU
		{DE8A9853-A967-45B5-946C-E27614578225}.Debug|Any CPU.Build.0 = Debug|Any CPU
		{DE8A9853-A967-45B5-946C-E27614578225}.Release|Any CPU.ActiveCfg = Release|Any CPU
		{DE8A9853-A967-45B5-946C-E27614578225}.Release|Any CPU.Build.0 = Release|Any CPU
	EndGlobalSection
	GlobalSection(SolutionProperties) = preSolution
		HideSolutionNode = FALSE
	EndGlobalSection
	GlobalSection(ExtensibilityGlobals) = postSolution
		SolutionGuid = {374E13C5-2900-4A0F-AD4E-477460969CCE}
	EndGlobalSection
EndGlobal
